
Microsoft Visual Studio Solution File, Format Version 12.00
# Visual Studio 14
VisualStudioVersion = 14.0.25420.1
MinimumVisualStudioVersion = 10.0.40219.1
Project("{FAE04EC0-301F-11D3-BF4B-00C04F79EFBC}") = "ToolsQA", "ToolsQA\ToolsQA.csproj", "{DF55E8F8-3308-4454-95D6-75395F432C3D}"
EndProject
Project("{FAE04EC0-301F-11D3-BF4B-00C04F79EFBC}") = "MobbySlotsTest", "MobbySlotsTest\MobbySlotsTest.csproj", "{516FA5CF-C8DC-4950-BA95-C95030BE2723}"
EndProject
Global
	GlobalSection(SolutionConfigurationPlatforms) = preSolution
		Debug|Any CPU = Debug|Any CPU
		Release|Any CPU = Release|Any CPU
	EndGlobalSection
	GlobalSection(ProjectConfigurationPlatforms) = postSolution
		{DF55E8F8-3308-4454-95D6-75395F432C3D}.Debug|Any CPU.ActiveCfg = Debug|Any CPU
		{DF55E8F8-3308-4454-95D6-75395F432C3D}.Debug|Any CPU.Build.0 = Debug|Any CPU
		{DF55E8F8-3308-4454-95D6-75395F432C3D}.Release|Any CPU.ActiveCfg = Release|Any CPU
		{DF55E8F8-3308-4454-95D6-75395F432C3D}.Release|Any CPU.Build.0 = Release|Any CPU
		{516FA5CF-C8DC-4950-BA95-C95030BE2723}.Debug|Any CPU.ActiveCfg = Debug|Any CPU
		{516FA5CF-C8DC-4950-BA95-C95030BE2723}.Debug|Any CPU.Build.0 = Debug|Any CPU
		{516FA5CF-C8DC-4950-BA95-C95030BE2723}.Release|Any CPU.ActiveCfg = Release|Any CPU
		{516FA5CF-C8DC-4950-BA95-C95030BE2723}.Release|Any CPU.Build.0 = Release|Any CPU
	EndGlobalSection
	GlobalSection(SolutionProperties) = preSolution
		HideSolutionNode = FALSE
	EndGlobalSection
EndGlobal
